<?xml version="1.0" encoding="utf-8"?>
<Project ToolsVersion="4.0" xmlns="http://schemas.microsoft.com/developer/msbuild/2003">
  <ItemGroup>
    <Filter Include="Файлы ресурсов">
      <UniqueIdentifier>{67DA6AB6-F800-4c08-8B7A-83BB121AAD01}</UniqueIdentifier>
      <Extensions>rc;ico;cur;bmp;dlg;rc2;rct;bin;rgs;gif;jpg;jpeg;jpe;resx;tiff;tif;png;wav;mfcribbon-ms</Extensions>
    </Filter>
    <Filter Include="Practice">
      <UniqueIdentifier>{ccb314b9-40b8-49b5-b5d0-455f3443329c}</UniqueIdentifier>
    </Filter>
    <Filter Include="Headers">
      <UniqueIdentifier>{2bf2f9bd-92e2-4d0d-aac1-faec0fd66a2f}</UniqueIdentifier>
    </Filter>
  </ItemGroup>
  <ItemGroup>
    <ClCompile Include="Practice.cpp">
      <Filter>Practice</Filter>
    </ClCompile>
    <ClCompile Include="Practice1.cpp">
      <Filter>Practice</Filter>
    </ClCompile>
    <ClCompile Include="Practice2.cpp">
      <Filter>Practice</Filter>
    </ClCompile>
    <ClCompile Include="Practice3.cpp">
      <Filter>Practice</Filter>
    </ClCompile>
    <ClCompile Include="Practice4.cpp">
      <Filter>Practice</Filter>
    </ClCompile>
    <ClCompile Include="Practice5.cpp">
      <Filter>Practice</Filter>
    </ClCompile>
    <ClCompile Include="Practice6.cpp">
      <Filter>Practice</Filter>
    </ClCompile>
    <ClCompile Include="Practice7.cpp">
      <Filter>Practice</Filter>
    </ClCompile>
    <ClCompile Include="main.cpp" />
  </ItemGroup>
  <ItemGroup>
    <ClInclude Include="Practice.h">
      <Filter>Headers</Filter>
    </ClInclude>
    <ClInclude Include="Practice1.h">
      <Filter>Headers</Filter>
    </ClInclude>
    <ClInclude Include="Practice2.h">
      <Filter>Headers</Filter>
    </ClInclude>
    <ClInclude Include="Practice3.h">
      <Filter>Headers</Filter>
    </ClInclude>
    <ClInclude Include="Practice4.h">
      <Filter>Headers</Filter>
    </ClInclude>
    <ClInclude Include="Practice5.h">
      <Filter>Headers</Filter>
    </ClInclude>
    <ClInclude Include="Practice6.h">
      <Filter>Headers</Filter>
    </ClInclude>
    <ClInclude Include="Practice7.h">
      <Filter>Headers</Filter>
    </ClInclude>
  </ItemGroup>
</Project>